
Microsoft Visual Studio Solution File, Format Version 12.00
# Visual Studio Version 16
VisualStudioVersion = 16.0.30717.126
MinimumVisualStudioVersion = 10.0.40219.1
Project("{FAE04EC0-301F-11D3-BF4B-00C04F79EFBC}") = "ArellanoUniversityRFIDGateMonitoringSystem", "ArellanoUniversityRFIDGateMonitoringSystem\ArellanoUniversityRFIDGateMonitoringSystem.csproj", "{1E5DB127-C0F1-43BD-82D1-47A957CCB6D1}"
EndProject
Global
	GlobalSection(SolutionConfigurationPlatforms) = preSolution
		Debug|Any CPU = Debug|Any CPU
		Release|Any CPU = Release|Any CPU
	EndGlobalSection
	GlobalSection(ProjectConfigurationPlatforms) = postSolution
		{1E5DB127-C0F1-43BD-82D1-47A957CCB6D1}.Debug|Any CPU.ActiveCfg = Debug|Any CPU
		{1E5DB127-C0F1-43BD-82D1-47A957CCB6D1}.Debug|Any CPU.Build.0 = Debug|Any CPU
		{1E5DB127-C0F1-43BD-82D1-47A957CCB6D1}.Release|Any CPU.ActiveCfg = Release|Any CPU
		{1E5DB127-C0F1-43BD-82D1-47A957CCB6D1}.Release|Any CPU.Build.0 = Release|Any CPU
	EndGlobalSection
	GlobalSection(SolutionProperties) = preSolution
		HideSolutionNode = FALSE
	EndGlobalSection
	GlobalSection(ExtensibilityGlobals) = postSolution
		SolutionGuid = {048EC4DE-12FB-47D5-839E-D9A1E2AD79BF}
	EndGlobalSection
EndGlobal
